
Microsoft Visual Studio Solution File, Format Version 12.00
# Visual Studio Version 17
VisualStudioVersion = 17.6.33815.320
MinimumVisualStudioVersion = 10.0.40219.1
Project("{9A19103F-16F7-4668-BE54-9A1E7A4F7556}") = "Scp035", "Scp035\Scp035.csproj", "{2CF3F5CA-6207-47DC-9168-1F35AEAE8435}"
EndProject
Global
	GlobalSection(SolutionConfigurationPlatforms) = preSolution
		Debug|Any CPU = Debug|Any CPU
		Debug|x64 = Debug|x64
		Release|Any CPU = Release|Any CPU
		Release|x64 = Release|x64
	EndGlobalSection
	GlobalSection(ProjectConfigurationPlatforms) = postSolution
		{2CF3F5CA-6207-47DC-9168-1F35AEAE8435}.Debug|Any CPU.ActiveCfg = Debug|Any CPU
		{2CF3F5CA-6207-47DC-9168-1F35AEAE8435}.Debug|Any CPU.Build.0 = Debug|Any CPU
		{2CF3F5CA-6207-47DC-9168-1F35AEAE8435}.Debug|x64.ActiveCfg = Debug|x64
		{2CF3F5CA-6207-47DC-9168-1F35AEAE8435}.Debug|x64.Build.0 = Debug|x64
		{2CF3F5CA-6207-47DC-9168-1F35AEAE8435}.Release|Any CPU.ActiveCfg = Release|Any CPU
		{2CF3F5CA-6207-47DC-9168-1F35AEAE8435}.Release|Any CPU.Build.0 = Release|Any CPU
		{2CF3F5CA-6207-47DC-9168-1F35AEAE8435}.Release|x64.ActiveCfg = Release|x64
		{2CF3F5CA-6207-47DC-9168-1F35AEAE8435}.Release|x64.Build.0 = Release|x64
	EndGlobalSection
	GlobalSection(SolutionProperties) = preSolution
		HideSolutionNode = FALSE
	EndGlobalSection
EndGlobal
